# This file is automatically @generated by Cargo.
# It is not intended for manual editing.
version = 4

[[package]]
name = "box_type"
version = "0.1.0"

[[package]]
name = "deref_traits"
version = "0.1.0"

[[package]]
name = "drop_trait"
version = "0.1.0"

[[package]]
name = "reference_counted"
version = "0.1.0"
